
Microsoft Visual Studio Solution File, Format Version 12.00
# Visual Studio Version 16
VisualStudioVersion = 16.0.30804.86
MinimumVisualStudioVersion = 10.0.40219.1
Project("{FAE04EC0-301F-11D3-BF4B-00C04F79EFBC}") = "AbstractWebDirectoryScanner", "AbstractWebDirectoryScanner\AbstractWebDirectoryScanner.csproj", "{74C3957A-DCE1-4B95-B023-581BCF43EEED}"
EndProject
Global
	GlobalSection(SolutionConfigurationPlatforms) = preSolution
		Debug|Any CPU = Debug|Any CPU
		Release|Any CPU = Release|Any CPU
	EndGlobalSection
	GlobalSection(ProjectConfigurationPlatforms) = postSolution
		{74C3957A-DCE1-4B95-B023-581BCF43EEED}.Debug|Any CPU.ActiveCfg = Debug|Any CPU
		{74C3957A-DCE1-4B95-B023-581BCF43EEED}.Debug|Any CPU.Build.0 = Debug|Any CPU
		{74C3957A-DCE1-4B95-B023-581BCF43EEED}.Release|Any CPU.ActiveCfg = Release|Any CPU
		{74C3957A-DCE1-4B95-B023-581BCF43EEED}.Release|Any CPU.Build.0 = Release|Any CPU
	EndGlobalSection
	GlobalSection(SolutionProperties) = preSolution
		HideSolutionNode = FALSE
	EndGlobalSection
	GlobalSection(ExtensibilityGlobals) = postSolution
		SolutionGuid = {2631EE24-0AF6-451C-828D-69548D850B7C}
	EndGlobalSection
EndGlobal
